PODS:
  - BranchNative (1.0.0)
  - NativeComputeSDK (1.0.0)

DEPENDENCIES:
  - BranchNative (from `~/github/native/branch-native-ios`)
  - NativeComputeSDK (from `~/github/native/nativesdk-podspec`)

EXTERNAL SOURCES:
  BranchNative:
    :path: "~/github/native/branch-native-ios"
  NativeComputeSDK:
    :path: "~/github/native/nativesdk-podspec"

SPEC CHECKSUMS:
  BranchNative: 3b2414ee54fb7f4b33e3b80852faa28d4bc52759
  NativeComputeSDK: 5e88c4cfd4672826ca72b97cf1d1c6efa701adb0

PODFILE CHECKSUM: 9c18b273cbbfcb97400cb5ac59a1b2ab6005241d

COCOAPODS: 1.11.3
